// !$*UTF8*$!
{
	archiveVersion = 1;
	classes = {
	};
	objectVersion = 50;
	objects = {

/* Begin PBXBuildFile section */
		269CD542F27535DB76F7D158 /* Pods_Smack.framework in Frameworks */ = {isa = PBXBuildFile; fileRef = F1D6BE546D1AD86CE2BDEF02 /* Pods_Smack.framework */; };
		8F19C4752095D7D800CE7DAB /* GradientView.swift in Sources */ = {isa = PBXBuildFile; fileRef = 8F19C4742095D7D800CE7DAB /* GradientView.swift */; };
		8F19C4782095F15900CE7DAB /* Constants.swift in Sources */ = {isa = PBXBuildFile; fileRef = 8F19C4772095F15900CE7DAB /* Constants.swift */; };
		8F19C47C2095FCB700CE7DAB /* LoginVC.swift in Sources */ = {isa = PBXBuildFile; fileRef = 8F19C47B2095FCB700CE7DAB /* LoginVC.swift */; };
		8F19C47E209601C700CE7DAB /* SignupVC.swift in Sources */ = {isa = PBXBuildFile; fileRef = 8F19C47D209601C700CE7DAB /* SignupVC.swift */; };
		8F2BE6B92094B456001B5781 /* AppDelegate.swift in Sources */ = {isa = PBXBuildFile; fileRef = 8F2BE6B82094B456001B5781 /* AppDelegate.swift */; };
		8F2BE6BE2094B456001B5781 /* Main.storyboard in Resources */ = {isa = PBXBuildFile; fileRef = 8F2BE6BC2094B456001B5781 /* Main.storyboard */; };
		8F2BE6C02094B457001B5781 /* Assets.xcassets in Resources */ = {isa = PBXBuildFile; fileRef = 8F2BE6BF2094B457001B5781 /* Assets.xcassets */; };
		8F2BE6C32094B457001B5781 /* LaunchScreen.storyboard in Resources */ = {isa = PBXBuildFile; fileRef = 8F2BE6C12094B457001B5781 /* LaunchScreen.storyboard */; };
		8FE976E12094BF5D00F94A24 /* ChatVC.swift in Sources */ = {isa = PBXBuildFile; fileRef = 8FE976E02094BF5D00F94A24 /* ChatVC.swift */; };
		8FE976E32094BF7400F94A24 /* ChannelVC.swift in Sources */ = {isa = PBXBuildFile; fileRef = 8FE976E22094BF7400F94A24 /* ChannelVC.swift */; };
		8FFAAF662094E80C0029E73A /* SWRevealViewController.m in Sources */ = {isa = PBXBuildFile; fileRef = 8FFAAF652094E80C0029E73A /* SWRevealViewController.m */; };
/* End PBXBuildFile section */

/* Begin PBXFileReference section */
		27B1E0FDC9E4C59A8DD89193 /* Pods-Smack.release.xcconfig */ = {isa = PBXFileReference; includeInIndex = 1; lastKnownFileType = text.xcconfig; name = "Pods-Smack.release.xcconfig"; path = "Pods/Target Support Files/Pods-Smack/Pods-Smack.release.xcconfig"; sourceTree = "<group>"; };
		8F19C4742095D7D800CE7DAB /* GradientView.swift */ = {isa = PBXFileReference; lastKnownFileType = sourcecode.swift; path = GradientView.swift; sourceTree = "<group>"; };
		8F19C4772095F15900CE7DAB /* Constants.swift */ = {isa = PBXFileReference; lastKnownFileType = sourcecode.swift; path = Constants.swift; sourceTree = "<group>"; };
		8F19C47B2095FCB700CE7DAB /* LoginVC.swift */ = {isa = PBXFileReference; lastKnownFileType = sourcecode.swift; path = LoginVC.swift; sourceTree = "<group>"; };
		8F19C47D209601C700CE7DAB /* SignupVC.swift */ = {isa = PBXFileReference; lastKnownFileType = sourcecode.swift; path = SignupVC.swift; sourceTree = "<group>"; };
		8F2BE6B52094B456001B5781 /* Smack.app */ = {isa = PBXFileReference; explicitFileType = wrapper.application; includeInIndex = 0; path = Smack.app; sourceTree = BUILT_PRODUCTS_DIR; };
		8F2BE6B82094B456001B5781 /* AppDelegate.swift */ = {isa = PBXFileReference; lastKnownFileType = sourcecode.swift; path = AppDelegate.swift; sourceTree = "<group>"; };
		8F2BE6BD2094B456001B5781 /* Base */ = {isa = PBXFileReference; lastKnownFileType = file.storyboard; name = Base; path = Base.lproj/Main.storyboard; sourceTree = "<group>"; };
		8F2BE6BF2094B457001B5781 /* Assets.xcassets */ = {isa = PBXFileReference; lastKnownFileType = folder.assetcatalog; path = Assets.xcassets; sourceTree = "<group>"; };
		8F2BE6C22094B457001B5781 /* Base */ = {isa = PBXFileReference; lastKnownFileType = file.storyboard; name = Base; path = Base.lproj/LaunchScreen.storyboard; sourceTree = "<group>"; };
		8F2BE6C42094B457001B5781 /* Info.plist */ = {isa = PBXFileReference; lastKnownFileType = text.plist.xml; path = Info.plist; sourceTree = "<group>"; };
		8FE976E02094BF5D00F94A24 /* ChatVC.swift */ = {isa = PBXFileReference; lastKnownFileType = sourcecode.swift; path = ChatVC.swift; sourceTree = "<group>"; };
		8FE976E22094BF7400F94A24 /* ChannelVC.swift */ = {isa = PBXFileReference; lastKnownFileType = sourcecode.swift; path = ChannelVC.swift; sourceTree = "<group>"; };
		8FFAAF632094E6DE0029E73A /* Smack-Bridging-Header.h */ = {isa = PBXFileReference; lastKnownFileType = sourcecode.c.h; name = "Smack-Bridging-Header.h"; path = "Smack/Supporting Files/Smack-Bridging-Header.h"; sourceTree = SOURCE_ROOT; };
		8FFAAF642094E80C0029E73A /* SWRevealViewController.h */ = {isa = PBXFileReference; fileEncoding = 4; lastKnownFileType = sourcecode.c.h; path = SWRevealViewController.h; sourceTree = "<group>"; };
		8FFAAF652094E80C0029E73A /* SWRevealViewController.m */ = {isa = PBXFileReference; fileEncoding = 4; lastKnownFileType = sourcecode.c.objc; path = SWRevealViewController.m; sourceTree = "<group>"; };
		E000F6CB3A68706388D0C7AF /* Pods-Smack.debug.xcconfig */ = {isa = PBXFileReference; includeInIndex = 1; lastKnownFileType = text.xcconfig; name = "Pods-Smack.debug.xcconfig"; path = "Pods/Target Support Files/Pods-Smack/Pods-Smack.debug.xcconfig"; sourceTree = "<group>"; };
		F1D6BE546D1AD86CE2BDEF02 /* Pods_Smack.framework */ = {isa = PBXFileReference; explicitFileType = wrapper.framework; includeInIndex = 0; path = Pods_Smack.framework; sourceTree = BUILT_PRODUCTS_DIR; };
/* End PBXFileReference section */

/* Begin PBXFrameworksBuildPhase section */
		8F2BE6B22094B456001B5781 /* Frameworks */ = {
			isa = PBXFrameworksBuildPhase;
			buildActionMask = 2147483647;
			files = (
				269CD542F27535DB76F7D158 /* Pods_Smack.framework in Frameworks */,
			);
			runOnlyForDeploymentPostprocessing = 0;
		};
/* End PBXFrameworksBuildPhase section */

/* Begin PBXGroup section */
		8F19C4762095F13C00CE7DAB /* Utilities */ = {
			isa = PBXGroup;
			children = (
				8F19C4772095F15900CE7DAB /* Constants.swift */,
			);
			path = Utilities;
			sourceTree = "<group>";
		};
		8F2BE6AC2094B456001B5781 = {
			isa = PBXGroup;
			children = (
				8F2BE6B72094B456001B5781 /* Smack */,
				8F2BE6B62094B456001B5781 /* Products */,
				C682BF6579B727303BA27A10 /* Pods */,
				CCE5B6A819350D78BBCE9234 /* Frameworks */,
			);
			sourceTree = "<group>";
		};
		8F2BE6B62094B456001B5781 /* Products */ = {
			isa = PBXGroup;
			children = (
				8F2BE6B52094B456001B5781 /* Smack.app */,
			);
			name = Products;
			sourceTree = "<group>";
		};
		8F2BE6B72094B456001B5781 /* Smack */ = {
			isa = PBXGroup;
			children = (
				8F19C4762095F13C00CE7DAB /* Utilities */,
				8FEEFA0B2094CF7A007086C5 /* Supporting Files */,
				8FE976DF2094BF3100F94A24 /* Model */,
				8FE976DE2094BF2D00F94A24 /* View */,
				8FE976DD2094BF2900F94A24 /* Controller */,
				8F2BE6B82094B456001B5781 /* AppDelegate.swift */,
				8F2BE6BC2094B456001B5781 /* Main.storyboard */,
				8F2BE6BF2094B457001B5781 /* Assets.xcassets */,
				8F2BE6C12094B457001B5781 /* LaunchScreen.storyboard */,
				8F2BE6C42094B457001B5781 /* Info.plist */,
			);
			path = Smack;
			sourceTree = "<group>";
		};
		8FE976DD2094BF2900F94A24 /* Controller */ = {
			isa = PBXGroup;
			children = (
				8FE976E02094BF5D00F94A24 /* ChatVC.swift */,
				8FE976E22094BF7400F94A24 /* ChannelVC.swift */,
				8F19C47B2095FCB700CE7DAB /* LoginVC.swift */,
				8F19C47D209601C700CE7DAB /* SignupVC.swift */,
			);
			path = Controller;
			sourceTree = "<group>";
		};
		8FE976DE2094BF2D00F94A24 /* View */ = {
			isa = PBXGroup;
			children = (
				8F19C4742095D7D800CE7DAB /* GradientView.swift */,
			);
			path = View;
			sourceTree = "<group>";
		};
		8FE976DF2094BF3100F94A24 /* Model */ = {
			isa = PBXGroup;
			children = (
			);
			path = Model;
			sourceTree = "<group>";
		};
		8FEEFA0B2094CF7A007086C5 /* Supporting Files */ = {
			isa = PBXGroup;
			children = (
				8FFAAF642094E80C0029E73A /* SWRevealViewController.h */,
				8FFAAF652094E80C0029E73A /* SWRevealViewController.m */,
				8FFAAF632094E6DE0029E73A /* Smack-Bridging-Header.h */,
			);
			name = "Supporting Files";
			path = "New Group";
			sourceTree = "<group>";
		};
		C682BF6579B727303BA27A10 /* Pods */ = {
			isa = PBXGroup;
			children = (
				E000F6CB3A68706388D0C7AF /* Pods-Smack.debug.xcconfig */,
				27B1E0FDC9E4C59A8DD89193 /* Pods-Smack.release.xcconfig */,
			);
			name = Pods;
			sourceTree = "<group>";
		};
		CCE5B6A819350D78BBCE9234 /* Frameworks */ = {
			isa = PBXGroup;
			children = (
				F1D6BE546D1AD86CE2BDEF02 /* Pods_Smack.framework */,
			);
			name = Frameworks;
			sourceTree = "<group>";
		};
/* End PBXGroup section */

/* Begin PBXNativeTarget section */
		8F2BE6B42094B456001B5781 /* Smack */ = {
			isa = PBXNativeTarget;
			buildConfigurationList = 8F2BE6C72094B457001B5781 /* Build configuration list for PBXNativeTarget "Smack" */;
			buildPhases = (
				1A5F38615C51154EE8410C1C /* [CP] Check Pods Manifest.lock */,
				8F2BE6B12094B456001B5781 /* Sources */,
				8F2BE6B22094B456001B5781 /* Frameworks */,
				8F2BE6B32094B456001B5781 /* Resources */,
				B3A86427E67493BA2A17E7FC /* [CP] Embed Pods Frameworks */,
			);
			buildRules = (
			);
			dependencies = (
			);
			name = Smack;
			productName = Smack;
			productReference = 8F2BE6B52094B456001B5781 /* Smack.app */;
			productType = "com.apple.product-type.application";
		};
/* End PBXNativeTarget section */

/* Begin PBXProject section */
		8F2BE6AD2094B456001B5781 /* Project object */ = {
			isa = PBXProject;
			attributes = {
				LastSwiftUpdateCheck = 0930;
				LastUpgradeCheck = 0930;
				ORGANIZATIONNAME = "Valentinas Stripeika";
				TargetAttributes = {
					8F2BE6B42094B456001B5781 = {
						CreatedOnToolsVersion = 9.3;
						LastSwiftMigration = 0930;
					};
				};
			};
			buildConfigurationList = 8F2BE6B02094B456001B5781 /* Build configuration list for PBXProject "Smack" */;
			compatibilityVersion = "Xcode 9.3";
			developmentRegion = en;
			hasScannedForEncodings = 0;
			knownRegions = (
				en,
				Base,
			);
			mainGroup = 8F2BE6AC2094B456001B5781;
			productRefGroup = 8F2BE6B62094B456001B5781 /* Products */;
			projectDirPath = "";
			projectRoot = "";
			targets = (
				8F2BE6B42094B456001B5781 /* Smack */,
			);
		};
/* End PBXProject section */

/* Begin PBXResourcesBuildPhase section */
		8F2BE6B32094B456001B5781 /* Resources */ = {
			isa = PBXResourcesBuildPhase;
			buildActionMask = 2147483647;
			files = (
				8F2BE6C32094B457001B5781 /* LaunchScreen.storyboard in Resources */,
				8F2BE6C02094B457001B5781 /* Assets.xcassets in Resources */,
				8F2BE6BE2094B456001B5781 /* Main.storyboard in Resources */,
			);
			runOnlyForDeploymentPostprocessing = 0;
		};
/* End PBXResourcesBuildPhase section */

/* Begin PBXShellScriptBuildPhase section */
		1A5F38615C51154EE8410C1C /* [CP] Check Pods Manifest.lock */ = {
			isa = PBXShellScriptBuildPhase;
			buildActionMask = 2147483647;
			files = (
			);
			inputPaths = (
				"${PODS_PODFILE_DIR_PATH}/Podfile.lock",
				"${PODS_ROOT}/Manifest.lock",
			);
			name = "[CP] Check Pods Manifest.lock";
			outputPaths = (
				"$(DERIVED_FILE_DIR)/Pods-Smack-checkManifestLockResult.txt",
			);
			runOnlyForDeploymentPostprocessing = 0;
			shellPath = /bin/sh;
			shellScript = "diff \"${PODS_PODFILE_DIR_PATH}/Podfile.lock\" \"${PODS_ROOT}/Manifest.lock\" > /dev/null\nif [ $? != 0 ] ; then\n    # print error to STDERR\n    echo \"error: The sandbox is not in sync with the Podfile.lock. Run 'pod install' or update your CocoaPods installation.\" >&2\n    exit 1\nfi\n# This output is used by Xcode 'outputs' to avoid re-running this script phase.\necho \"SUCCESS\" > \"${SCRIPT_OUTPUT_FILE_0}\"\n";
			showEnvVarsInLog = 0;
		};
		B3A86427E67493BA2A17E7FC /* [CP] Embed Pods Frameworks */ = {
			isa = PBXShellScriptBuildPhase;
			buildActionMask = 2147483647;
			files = (
			);
			inputPaths = (
				"${SRCROOT}/Pods/Target Support Files/Pods-Smack/Pods-Smack-frameworks.sh",
				"${BUILT_PRODUCTS_DIR}/Alamofire/Alamofire.framework",
				"${BUILT_PRODUCTS_DIR}/Socket.IO-Client-Swift/SocketIO.framework",
				"${BUILT_PRODUCTS_DIR}/Starscream/Starscream.framework",
				"${BUILT_PRODUCTS_DIR}/SwiftyJSON/SwiftyJSON.framework",
			);
			name = "[CP] Embed Pods Frameworks";
			outputPaths = (
				"${TARGET_BUILD_DIR}/${FRAMEWORKS_FOLDER_PATH}/Alamofire.framework",
				"${TARGET_BUILD_DIR}/${FRAMEWORKS_FOLDER_PATH}/SocketIO.framework",
				"${TARGET_BUILD_DIR}/${FRAMEWORKS_FOLDER_PATH}/Starscream.framework",
				"${TARGET_BUILD_DIR}/${FRAMEWORKS_FOLDER_PATH}/SwiftyJSON.framework",
			);
			runOnlyForDeploymentPostprocessing = 0;
			shellPath = /bin/sh;
			shellScript = "\"${SRCROOT}/Pods/Target Support Files/Pods-Smack/Pods-Smack-frameworks.sh\"\n";
			showEnvVarsInLog = 0;
		};
/* End PBXShellScriptBuildPhase section */

/* Begin PBXSourcesBuildPhase section */
		8F2BE6B12094B456001B5781 /* Sources */ = {
			isa = PBXSourcesBuildPhase;
			buildActionMask = 2147483647;
			files = (
				8F19C47E209601C700CE7DAB /* SignupVC.swift in Sources */,
				8FE976E32094BF7400F94A24 /* ChannelVC.swift in Sources */,
				8FE976E12094BF5D00F94A24 /* ChatVC.swift in Sources */,
				8F19C47C2095FCB700CE7DAB /* LoginVC.swift in Sources */,
				8F19C4752095D7D800CE7DAB /* GradientView.swift in Sources */,
				8F2BE6B92094B456001B5781 /* AppDelegate.swift in Sources */,
				8FFAAF662094E80C0029E73A /* SWRevealViewController.m in Sources */,
				8F19C4782095F15900CE7DAB /* Constants.swift in Sources */,
			);
			runOnlyForDeploymentPostprocessing = 0;
		};
/* End PBXSourcesBuildPhase section */

/* Begin PBXVariantGroup section */
		8F2BE6BC2094B456001B5781 /* Main.storyboard */ = {
			isa = PBXVariantGroup;
			children = (
				8F2BE6BD2094B456001B5781 /* Base */,
			);
			name = Main.storyboard;
			sourceTree = "<group>";
		};
		8F2BE6C12094B457001B5781 /* LaunchScreen.storyboard */ = {
			isa = PBXVariantGroup;
			children = (
				8F2BE6C22094B457001B5781 /* Base */,
			);
			name = LaunchScreen.storyboard;
			sourceTree = "<group>";
		};
/* End PBXVariantGroup section */

/* Begin XCBuildConfiguration section */
		8F2BE6C52094B457001B5781 /* Debug */ = {
			isa = XCBuildConfiguration;
			buildSettings = {
				ALWAYS_SEARCH_USER_PATHS = NO;
				CLANG_ANALYZER_NONNULL = YES;
				CLANG_ANALYZER_NUMBER_OBJECT_CONVERSION = YES_AGGRESSIVE;
				CLANG_CXX_LANGUAGE_STANDARD = "gnu++14";
				CLANG_CXX_LIBRARY = "libc++";
				CLANG_ENABLE_MODULES = YES;
				CLANG_ENABLE_OBJC_ARC = YES;
				CLANG_ENABLE_OBJC_WEAK = YES;
				CLANG_WARN_BLOCK_CAPTURE_AUTORELEASING = YES;
				CLANG_WARN_BOOL_CONVERSION = YES;
				CLANG_WARN_COMMA = YES;
				CLANG_WARN_CONSTANT_CONVERSION = YES;
				CLANG_WARN_DEPRECATED_OBJC_IMPLEMENTATIONS = YES;
				CLANG_WARN_DIRECT_OBJC_ISA_USAGE = YES_ERROR;
				CLANG_WARN_DOCUMENTATION_COMMENTS = YES;
				CLANG_WARN_EMPTY_BODY = YES;
				CLANG_WARN_ENUM_CONVERSION = YES;
				CLANG_WARN_INFINITE_RECURSION = YES;
				CLANG_WARN_INT_CONVERSION = YES;
				CLANG_WARN_NON_LITERAL_NULL_CONVERSION = YES;
				CLANG_WARN_OBJC_IMPLICIT_RETAIN_SELF = YES;
				CLANG_WARN_OBJC_LITERAL_CONVERSION = YES;
				CLANG_WARN_OBJC_ROOT_CLASS = YES_ERROR;
				CLANG_WARN_RANGE_LOOP_ANALYSIS = YES;
				CLANG_WARN_STRICT_PROTOTYPES = YES;
				CLANG_WARN_SUSPICIOUS_MOVE = YES;
				CLANG_WARN_UNGUARDED_AVAILABILITY = YES_AGGRESSIVE;
				CLANG_WARN_UNREACHABLE_CODE = YES;
				CLANG_WARN__DUPLICATE_METHOD_MATCH = YES;
				CODE_SIGN_IDENTITY = "iPhone Developer";
				COPY_PHASE_STRIP = NO;
				DEBUG_INFORMATION_FORMAT = dwarf;
				ENABLE_STRICT_OBJC_MSGSEND = YES;
				ENABLE_TESTABILITY = YES;
				GCC_C_LANGUAGE_STANDARD = gnu11;
				GCC_DYNAMIC_NO_PIC = NO;
				GCC_NO_COMMON_BLOCKS = YES;
				GCC_OPTIMIZATION_LEVEL = 0;
				GCC_PREPROCESSOR_DEFINITIONS = (
					"DEBUG=1",
					"$(inherited)",
				);
				GCC_WARN_64_TO_32_BIT_CONVERSION = YES;
				GCC_WARN_ABOUT_RETURN_TYPE = YES_ERROR;
				GCC_WARN_UNDECLARED_SELECTOR = YES;
				GCC_WARN_UNINITIALIZED_AUTOS = YES_AGGRESSIVE;
				GCC_WARN_UNUSED_FUNCTION = YES;
				GCC_WARN_UNUSED_VARIABLE = YES;
				IPHONEOS_DEPLOYMENT_TARGET = 11.3;
				MTL_ENABLE_DEBUG_INFO = YES;
				ONLY_ACTIVE_ARCH = YES;
				SDKROOT = iphoneos;
				SWIFT_ACTIVE_COMPILATION_CONDITIONS = DEBUG;
				SWIFT_OPTIMIZATION_LEVEL = "-Onone";
			};
			name = Debug;
		};
		8F2BE6C62094B457001B5781 /* Release */ = {
			isa = XCBuildConfiguration;
			buildSettings = {
				ALWAYS_SEARCH_USER_PATHS = NO;
				CLANG_ANALYZER_NONNULL = YES;
				CLANG_ANALYZER_NUMBER_OBJECT_CONVERSION = YES_AGGRESSIVE;
				CLANG_CXX_LANGUAGE_STANDARD = "gnu++14";
				CLANG_CXX_LIBRARY = "libc++";
				CLANG_ENABLE_MODULES = YES;
				CLANG_ENABLE_OBJC_ARC = YES;
				CLANG_ENABLE_OBJC_WEAK = YES;
				CLANG_WARN_BLOCK_CAPTURE_AUTORELEASING = YES;
				CLANG_WARN_BOOL_CONVERSION = YES;
				CLANG_WARN_COMMA = YES;
				CLANG_WARN_CONSTANT_CONVERSION = YES;
				CLANG_WARN_DEPRECATED_OBJC_IMPLEMENTATIONS = YES;
				CLANG_WARN_DIRECT_OBJC_ISA_USAGE = YES_ERROR;
				CLANG_WARN_DOCUMENTATION_COMMENTS = YES;
				CLANG_WARN_EMPTY_BODY = YES;
				CLANG_WARN_ENUM_CONVERSION = YES;
				CLANG_WARN_INFINITE_RECURSION = YES;
				CLANG_WARN_INT_CONVERSION = YES;
				CLANG_WARN_NON_LITERAL_NULL_CONVERSION = YES;
				CLANG_WARN_OBJC_IMPLICIT_RETAIN_SELF = YES;
				CLANG_WARN_OBJC_LITERAL_CONVERSION = YES;
				CLANG_WARN_OBJC_ROOT_CLASS = YES_ERROR;
				CLANG_WARN_RANGE_LOOP_ANALYSIS = YES;
				CLANG_WARN_STRICT_PROTOTYPES = YES;
				CLANG_WARN_SUSPICIOUS_MOVE = YES;
				CLANG_WARN_UNGUARDED_AVAILABILITY = YES_AGGRESSIVE;
				CLANG_WARN_UNREACHABLE_CODE = YES;
				CLANG_WARN__DUPLICATE_METHOD_MATCH = YES;
				CODE_SIGN_IDENTITY = "iPhone Developer";
				COPY_PHASE_STRIP = NO;
				DEBUG_INFORMATION_FORMAT = "dwarf-with-dsym";
				ENABLE_NS_ASSERTIONS = NO;
				ENABLE_STRICT_OBJC_MSGSEND = YES;
				GCC_C_LANGUAGE_STANDARD = gnu11;
				GCC_NO_COMMON_BLOCKS = YES;
				GCC_WARN_64_TO_32_BIT_CONVERSION = YES;
				GCC_WARN_ABOUT_RETURN_TYPE = YES_ERROR;
				GCC_WARN_UNDECLARED_SELECTOR = YES;
				GCC_WARN_UNINITIALIZED_AUTOS = YES_AGGRESSIVE;
				GCC_WARN_UNUSED_FUNCTION = YES;
				GCC_WARN_UNUSED_VARIABLE = YES;
				IPHONEOS_DEPLOYMENT_TARGET = 11.3;
				MTL_ENABLE_DEBUG_INFO = NO;
				SDKROOT = iphoneos;
				SWIFT_COMPILATION_MODE = wholemodule;
				SWIFT_OPTIMIZATION_LEVEL = "-O";
				VALIDATE_PRODUCT = YES;
			};
			name = Release;
		};
		8F2BE6C82094B457001B5781 /* Debug */ = {
			isa = XCBuildConfiguration;
			baseConfigurationReference = E000F6CB3A68706388D0C7AF /* Pods-Smack.debug.xcconfig */;
			buildSettings = {
				ASSETCATALOG_COMPILER_APPICON_NAME = AppIcon;
				CLANG_ENABLE_MODULES = YES;
				CODE_SIGN_STYLE = Automatic;
				DEVELOPMENT_TEAM = D686NMHZ33;
				INFOPLIST_FILE = Smack/Info.plist;
				LD_RUNPATH_SEARCH_PATHS = (
					"$(inherited)",
					"@executable_path/Frameworks",
				);
				PRODUCT_BUNDLE_IDENTIFIER = com.aracariapps.Smack;
				PRODUCT_NAME = "$(TARGET_NAME)";
				SWIFT_OBJC_BRIDGING_HEADER = "Smack/Supporting Files/Smack-Bridging-Header.h";
				SWIFT_OPTIMIZATION_LEVEL = "-Onone";
				SWIFT_VERSION = 4.0;
				TARGETED_DEVICE_FAMILY = "1,2";
			};
			name = Debug;
		};
		8F2BE6C92094B457001B5781 /* Release */ = {
			isa = XCBuildConfiguration;
			baseConfigurationReference = 27B1E0FDC9E4C59A8DD89193 /* Pods-Smack.release.xcconfig */;
			buildSettings = {
				ASSETCATALOG_COMPILER_APPICON_NAME = AppIcon;
				CLANG_ENABLE_MODULES = YES;
				CODE_SIGN_STYLE = Automatic;
				DEVELOPMENT_TEAM = D686NMHZ33;
				INFOPLIST_FILE = Smack/Info.plist;
				LD_RUNPATH_SEARCH_PATHS = (
					"$(inherited)",
					"@executable_path/Frameworks",
				);
				PRODUCT_BUNDLE_IDENTIFIER = com.aracariapps.Smack;
				PRODUCT_NAME = "$(TARGET_NAME)";
				SWIFT_OBJC_BRIDGING_HEADER = "Smack/Supporting Files/Smack-Bridging-Header.h";
				SWIFT_VERSION = 4.0;
				TARGETED_DEVICE_FAMILY = "1,2";
			};
			name = Release;
		};
/* End XCBuildConfiguration section */

/* Begin XCConfigurationList section */
		8F2BE6B02094B456001B5781 /* Build configuration list for PBXProject "Smack" */ = {
			isa = XCConfigurationList;
			buildConfigurations = (
				8F2BE6C52094B457001B5781 /* Debug */,
				8F2BE6C62094B457001B5781 /* Release */,
			);
			defaultConfigurationIsVisible = 0;
			defaultConfigurationName = Release;
		};
		8F2BE6C72094B457001B5781 /* Build configuration list for PBXNativeTarget "Smack" */ = {
			isa = XCConfigurationList;
			buildConfigurations = (
				8F2BE6C82094B457001B5781 /* Debug */,
				8F2BE6C92094B457001B5781 /* Release */,
			);
			defaultConfigurationIsVisible = 0;
			defaultConfigurationName = Release;
		};
/* End XCConfigurationList section */
	};
	rootObject = 8F2BE6AD2094B456001B5781 /* Project object */;
}
